<?xml version="1.0" encoding="UTF-8" standalone="yes" ?>
<CodeBlocks_project_file>
	<FileVersion major="1" minor="6" />
	<Project>
		<Option title="sistema-gestion-laboratorio" />
		<Option pch_mode="2" />
		<Option compiler="gcc" />
		<Build>
			<Target title="Debug">
				<Option output="bin/Debug/sistema-gestion-laboratorio" prefix_auto="1" extension_auto="1" />
				<Option object_output="obj/Debug/" />
				<Option type="1" />
				<Option compiler="gcc" />
				<Compiler>
					<Add option="-g" />
					<Add directory="Headers/include" />
				</Compiler>
			</Target>
			<Target title="Release">
				<Option output="bin/Release/sistema-gestion-laboratorio" prefix_auto="1" extension_auto="1" />
				<Option object_output="obj/Release/" />
				<Option type="1" />
				<Option compiler="gcc" />
				<Compiler>
					<Add option="-O2" />
				</Compiler>
				<Linker>
					<Add option="-s" />
				</Linker>
			</Target>
		</Build>
		<Compiler>
			<Add option="-Wall" />
			<Add option="-fexceptions" />
		</Compiler>
		<Unit filename="EntidadesH/Analisis.h" />
		<Unit filename="EntidadesH/Bioquimico.h" />
		<Unit filename="EntidadesH/Categoria.h" />
		<Unit filename="EntidadesH/Factura.h" />
		<Unit filename="EntidadesH/Fecha.h" />
		<Unit filename="EntidadesH/FechaHora.h" />
		<Unit filename="EntidadesH/MetodoDePago.h" />
		<Unit filename="EntidadesH/ObraSocial.h" />
		<Unit filename="EntidadesH/Paciente.h" />
		<Unit filename="EntidadesH/Persona.h" />
		<Unit filename="EntidadesH/Resultado.h" />
		<Unit filename="EntidadesH/Sala.h" />
		<Unit filename="EntidadesH/Turno.h" />
		<Unit filename="Entidades/Analisis.cpp" />
		<Unit filename="Entidades/Bioquimico.cpp" />
		<Unit filename="Entidades/Categoria.cpp" />
		<Unit filename="Entidades/Factura.cpp" />
		<Unit filename="Entidades/Fecha.cpp" />
		<Unit filename="Entidades/FechaHora.cpp" />
		<Unit filename="Entidades/MetodoDePago.cpp" />
		<Unit filename="Entidades/ObraSocial.cpp" />
		<Unit filename="Entidades/Paciente.cpp" />
		<Unit filename="Entidades/Persona.cpp" />
		<Unit filename="Entidades/Resultado.cpp" />
		<Unit filename="Entidades/Sala.cpp" />
		<Unit filename="Entidades/Turno.cpp" />
		<Unit filename="ManagerH/Manager.h" />
		<Unit filename="ManagerH/ManagerAnalisis.h" />
		<Unit filename="ManagerH/ManagerBioquimico.h" />
		<Unit filename="ManagerH/ManagerCategoria.h" />
		<Unit filename="ManagerH/ManagerFactura.h" />
		<Unit filename="ManagerH/ManagerMetodoPago.h" />
		<Unit filename="ManagerH/ManagerObraSocial.h" />
		<Unit filename="ManagerH/ManagerPaciente.h" />
		<Unit filename="ManagerH/ManagerResultado.h" />
		<Unit filename="ManagerH/ManagerSala.h" />
		<Unit filename="ManagerH/ManagerTurno.h" />
		<Unit filename="Manager/ManagerAnalisis.cpp" />
		<Unit filename="Manager/ManagerBioquimico.cpp" />
		<Unit filename="Manager/ManagerCategoria.cpp" />
		<Unit filename="Manager/ManagerFactura.cpp" />
		<Unit filename="Manager/ManagerMetodoPago.cpp" />
		<Unit filename="Manager/ManagerObraSocial.cpp" />
		<Unit filename="Manager/ManagerPaciente.cpp" />
		<Unit filename="Manager/ManagerResultado.cpp" />
		<Unit filename="Manager/ManagerSala.cpp" />
		<Unit filename="Manager/ManagerTurno.cpp" />
		<Unit filename="MenuH/Menu.h" />
		<Unit filename="MenuH/MenuAnalisis.h" />
		<Unit filename="MenuH/MenuBioquimico.h" />
		<Unit filename="MenuH/MenuCategoria.h" />
		<Unit filename="MenuH/MenuFactura.h" />
		<Unit filename="MenuH/MenuMetodoDePago.h" />
		<Unit filename="MenuH/MenuObraSocial.h" />
		<Unit filename="MenuH/MenuPaciente.h" />
		<Unit filename="MenuH/MenuPrincipal.h" />
		<Unit filename="MenuH/MenuReporte.h" />
		<Unit filename="MenuH/MenuResultado.h" />
		<Unit filename="MenuH/MenuSala.h" />
		<Unit filename="MenuH/MenuTurno.h" />
		<Unit filename="Menu/Menu.cpp" />
		<Unit filename="Menu/MenuAnalisis.cpp" />
		<Unit filename="Menu/MenuBioquimico.cpp" />
		<Unit filename="Menu/MenuCategoria.cpp" />
		<Unit filename="Menu/MenuFactura.cpp" />
		<Unit filename="Menu/MenuMetodoDePago.cpp" />
		<Unit filename="Menu/MenuObraSocial.cpp" />
		<Unit filename="Menu/MenuPaciente.cpp" />
		<Unit filename="Menu/MenuPrincipal.cpp" />
		<Unit filename="Menu/MenuReporte.cpp" />
		<Unit filename="Menu/MenuResultado.cpp" />
		<Unit filename="Menu/MenuSala.cpp" />
		<Unit filename="Menu/MenuTurno.cpp" />
		<Unit filename="ServicioH/ServicioAnalisis.h" />
		<Unit filename="ServicioH/ServicioBioquimico.h" />
		<Unit filename="ServicioH/ServicioCategoria.h" />
		<Unit filename="ServicioH/ServicioFactura.h" />
		<Unit filename="ServicioH/ServicioMetodoDePago.h" />
		<Unit filename="ServicioH/ServicioObraSocial.h" />
		<Unit filename="ServicioH/ServicioPaciente.h" />
		<Unit filename="ServicioH/ServicioReporte.h" />
		<Unit filename="ServicioH/ServicioResultado.h" />
		<Unit filename="ServicioH/ServicioSala.h" />
		<Unit filename="ServicioH/ServicioTurno.h" />
		<Unit filename="ServicioH/ServiciosUtilidades.h" />
		<Unit filename="Servicio/ServicioAnalisis.cpp" />
		<Unit filename="Servicio/ServicioBioquimico.cpp" />
		<Unit filename="Servicio/ServicioCategoria.cpp" />
		<Unit filename="Servicio/ServicioFactura.cpp" />
		<Unit filename="Servicio/ServicioMetodoDePago.cpp" />
		<Unit filename="Servicio/ServicioObraSocial.cpp" />
		<Unit filename="Servicio/ServicioPaciente.cpp" />
		<Unit filename="Servicio/ServicioReporte.cpp" />
		<Unit filename="Servicio/ServicioResultado.cpp" />
		<Unit filename="Servicio/ServicioSala.cpp" />
		<Unit filename="Servicio/ServicioTurno.cpp" />
		<Unit filename="Servicio/ServicioUtilidades.cpp" />
		<Unit filename="main.cpp" />
		<Extensions>
			<lib_finder disable_auto="1" />
		</Extensions>
	</Project>
</CodeBlocks_project_file>
